
Microsoft Visual Studio Solution File, Format Version 12.00
# Visual Studio Version 16
VisualStudioVersion = 16.0.29306.81
MinimumVisualStudioVersion = 10.0.40219.1
Project("{8BC9CEB8-8B4A-11D0-8D11-00A0C91BC942}") = "Лаб 1 Динамический массив", "Лаб 1 Динамический массив\Лаб 1 Динамический массив.vcxproj", "{FB22239A-6FBF-4D17-AE07-FE974A9803E4}"
EndProject
Global
	GlobalSection(SolutionConfigurationPlatforms) = preSolution
		Debug|x64 = Debug|x64
		Debug|x86 = Debug|x86
		Release|x64 = Release|x64
		Release|x86 = Release|x86
	EndGlobalSection
	GlobalSection(ProjectConfigurationPlatforms) = postSolution
		{FB22239A-6FBF-4D17-AE07-FE974A9803E4}.Debug|x64.ActiveCfg = Debug|x64
		{FB22239A-6FBF-4D17-AE07-FE974A9803E4}.Debug|x64.Build.0 = Debug|x64
		{FB22239A-6FBF-4D17-AE07-FE974A9803E4}.Debug|x86.ActiveCfg = Debug|Win32
		{FB22239A-6FBF-4D17-AE07-FE974A9803E4}.Debug|x86.Build.0 = Debug|Win32
		{FB22239A-6FBF-4D17-AE07-FE974A9803E4}.Release|x64.ActiveCfg = Release|x64
		{FB22239A-6FBF-4D17-AE07-FE974A9803E4}.Release|x64.Build.0 = Release|x64
		{FB22239A-6FBF-4D17-AE07-FE974A9803E4}.Release|x86.ActiveCfg = Release|Win32
		{FB22239A-6FBF-4D17-AE07-FE974A9803E4}.Release|x86.Build.0 = Release|Win32
	EndGlobalSection
	GlobalSection(SolutionProperties) = preSolution
		HideSolutionNode = FALSE
	EndGlobalSection
	GlobalSection(ExtensibilityGlobals) = postSolution
		SolutionGuid = {D8E9D8D3-52EC-4195-A84E-151A209B64AA}
	EndGlobalSection
EndGlobal
